
Microsoft Visual Studio Solution File, Format Version 12.00
# Visual Studio Version 16
VisualStudioVersion = 16.0.29409.12
MinimumVisualStudioVersion = 10.0.40219.1
Project("{FAE04EC0-301F-11D3-BF4B-00C04F79EFBC}") = "RetailPriceCalculator", "RetailPriceCalculator\RetailPriceCalculator.csproj", "{4B0B9309-3ACB-46A9-98AB-F7495A4333FA}"
EndProject
Project("{FAE04EC0-301F-11D3-BF4B-00C04F79EFBC}") = "Library.Test", "Library.Test\Library.Test.csproj", "{93D9B3D5-FF08-472B-B44D-C834F25A98DC}"
EndProject
Global
	GlobalSection(SolutionConfigurationPlatforms) = preSolution
		Debug|Any CPU = Debug|Any CPU
		Release|Any CPU = Release|Any CPU
	EndGlobalSection
	GlobalSection(ProjectConfigurationPlatforms) = postSolution
		{4B0B9309-3ACB-46A9-98AB-F7495A4333FA}.Debug|Any CPU.ActiveCfg = Debug|Any CPU
		{4B0B9309-3ACB-46A9-98AB-F7495A4333FA}.Debug|Any CPU.Build.0 = Debug|Any CPU
		{4B0B9309-3ACB-46A9-98AB-F7495A4333FA}.Release|Any CPU.ActiveCfg = Release|Any CPU
		{4B0B9309-3ACB-46A9-98AB-F7495A4333FA}.Release|Any CPU.Build.0 = Release|Any CPU
		{93D9B3D5-FF08-472B-B44D-C834F25A98DC}.Debug|Any CPU.ActiveCfg = Debug|Any CPU
		{93D9B3D5-FF08-472B-B44D-C834F25A98DC}.Debug|Any CPU.Build.0 = Debug|Any CPU
		{93D9B3D5-FF08-472B-B44D-C834F25A98DC}.Release|Any CPU.ActiveCfg = Release|Any CPU
		{93D9B3D5-FF08-472B-B44D-C834F25A98DC}.Release|Any CPU.Build.0 = Release|Any CPU
	EndGlobalSection
	GlobalSection(SolutionProperties) = preSolution
		HideSolutionNode = FALSE
	EndGlobalSection
	GlobalSection(ExtensibilityGlobals) = postSolution
		SolutionGuid = {F53E91E0-483C-492A-9FC9-C408652AD246}
	EndGlobalSection
EndGlobal
