
Microsoft Visual Studio Solution File, Format Version 12.00
# Visual Studio Version 16
VisualStudioVersion = 16.0.29215.179
MinimumVisualStudioVersion = 10.0.40219.1
Project("{FAE04EC0-301F-11D3-BF4B-00C04F79EFBC}") = "AverageLetters", "AverageLetters\AverageLetters.csproj", "{3863CA2D-F440-46B2-A720-843A0913BEC6}"
EndProject
Global
	GlobalSection(SolutionConfigurationPlatforms) = preSolution
		Debug|Any CPU = Debug|Any CPU
		Release|Any CPU = Release|Any CPU
	EndGlobalSection
	GlobalSection(ProjectConfigurationPlatforms) = postSolution
		{3863CA2D-F440-46B2-A720-843A0913BEC6}.Debug|Any CPU.ActiveCfg = Debug|Any CPU
		{3863CA2D-F440-46B2-A720-843A0913BEC6}.Debug|Any CPU.Build.0 = Debug|Any CPU
		{3863CA2D-F440-46B2-A720-843A0913BEC6}.Release|Any CPU.ActiveCfg = Release|Any CPU
		{3863CA2D-F440-46B2-A720-843A0913BEC6}.Release|Any CPU.Build.0 = Release|Any CPU
	EndGlobalSection
	GlobalSection(SolutionProperties) = preSolution
		HideSolutionNode = FALSE
	EndGlobalSection
	GlobalSection(ExtensibilityGlobals) = postSolution
		SolutionGuid = {4DEC4FB2-14FE-4D8C-9C2D-1C57380D244A}
	EndGlobalSection
EndGlobal
