
Microsoft Visual Studio Solution File, Format Version 12.00
# Visual Studio Version 16
VisualStudioVersion = 16.0.29503.13
MinimumVisualStudioVersion = 10.0.40219.1
Project("{FAE04EC0-301F-11D3-BF4B-00C04F79EFBC}") = "TuitionIncreaseTest", "TuitionIncreaseTest\TuitionIncreaseTest.csproj", "{EA7748ED-9DAB-4580-B18F-B4274CCEC9AA}"
EndProject
Project("{FAE04EC0-301F-11D3-BF4B-00C04F79EFBC}") = "XUnitTest", "XUnitTest\XUnitTest.csproj", "{7BAEE609-5632-4044-9A60-4F489D392C23}"
EndProject
Global
	GlobalSection(SolutionConfigurationPlatforms) = preSolution
		Debug|Any CPU = Debug|Any CPU
		Release|Any CPU = Release|Any CPU
	EndGlobalSection
	GlobalSection(ProjectConfigurationPlatforms) = postSolution
		{EA7748ED-9DAB-4580-B18F-B4274CCEC9AA}.Debug|Any CPU.ActiveCfg = Debug|Any CPU
		{EA7748ED-9DAB-4580-B18F-B4274CCEC9AA}.Debug|Any CPU.Build.0 = Debug|Any CPU
		{EA7748ED-9DAB-4580-B18F-B4274CCEC9AA}.Release|Any CPU.ActiveCfg = Release|Any CPU
		{EA7748ED-9DAB-4580-B18F-B4274CCEC9AA}.Release|Any CPU.Build.0 = Release|Any CPU
		{7BAEE609-5632-4044-9A60-4F489D392C23}.Debug|Any CPU.ActiveCfg = Debug|Any CPU
		{7BAEE609-5632-4044-9A60-4F489D392C23}.Debug|Any CPU.Build.0 = Debug|Any CPU
		{7BAEE609-5632-4044-9A60-4F489D392C23}.Release|Any CPU.ActiveCfg = Release|Any CPU
		{7BAEE609-5632-4044-9A60-4F489D392C23}.Release|Any CPU.Build.0 = Release|Any CPU
	EndGlobalSection
	GlobalSection(SolutionProperties) = preSolution
		HideSolutionNode = FALSE
	EndGlobalSection
	GlobalSection(ExtensibilityGlobals) = postSolution
		SolutionGuid = {B9EE7299-944C-4695-9BD8-0696001F1878}
	EndGlobalSection
EndGlobal
