
Microsoft Visual Studio Solution File, Format Version 12.00
# Visual Studio Version 16
VisualStudioVersion = 16.0.29215.179
MinimumVisualStudioVersion = 10.0.40219.1
Project("{FAE04EC0-301F-11D3-BF4B-00C04F79EFBC}") = "WordSeparator", "WordSeparator\WordSeparator.csproj", "{1F5FA16A-BDAF-4B98-A87A-53E361A8B2EF}"
EndProject
Global
	GlobalSection(SolutionConfigurationPlatforms) = preSolution
		Debug|Any CPU = Debug|Any CPU
		Release|Any CPU = Release|Any CPU
	EndGlobalSection
	GlobalSection(ProjectConfigurationPlatforms) = postSolution
		{1F5FA16A-BDAF-4B98-A87A-53E361A8B2EF}.Debug|Any CPU.ActiveCfg = Debug|Any CPU
		{1F5FA16A-BDAF-4B98-A87A-53E361A8B2EF}.Debug|Any CPU.Build.0 = Debug|Any CPU
		{1F5FA16A-BDAF-4B98-A87A-53E361A8B2EF}.Release|Any CPU.ActiveCfg = Release|Any CPU
		{1F5FA16A-BDAF-4B98-A87A-53E361A8B2EF}.Release|Any CPU.Build.0 = Release|Any CPU
	EndGlobalSection
	GlobalSection(SolutionProperties) = preSolution
		HideSolutionNode = FALSE
	EndGlobalSection
	GlobalSection(ExtensibilityGlobals) = postSolution
		SolutionGuid = {EB695C13-55AF-42DC-9AE6-687AE48B7659}
	EndGlobalSection
EndGlobal
